
Microsoft Visual Studio Solution File, Format Version 12.00
# Visual Studio Version 17
VisualStudioVersion = 17.5.002.0
MinimumVisualStudioVersion = 10.0.40219.1
Project("{2150E333-8FDC-42A3-9474-1A3956D46DE8}") = "test", "test", "{FCBE59E8-D028-4011-A290-98B9DAC55991}"
EndProject
Project("{2150E333-8FDC-42A3-9474-1A3956D46DE8}") = "fixtures", "fixtures", "{BA569964-A703-47C6-9A92-48D6F1D9C9C0}"
EndProject
Project("{9A19103F-16F7-4668-BE54-9A1E7A4F7556}") = "WebApplication1", "test\fixtures\project-json\WebApplication1.csproj", "{559E99CE-2B30-4BE5-B940-A6DD647FAE01}"
EndProject
Project("{2150E333-8FDC-42A3-9474-1A3956D46DE8}") = "props", "props", "{FA6F89CA-8B39-4BCE-9C60-5F0E996CE5F6}"
EndProject
Project("{9A19103F-16F7-4668-BE54-9A1E7A4F7556}") = "App", "test\fixtures\props\build-props\App.csproj", "{79282B59-CCAC-4BFD-B091-4AECEBAFE6B9}"
EndProject
Project("{2150E333-8FDC-42A3-9474-1A3956D46DE8}") = "target-framework", "target-framework", "{48A6C97D-A29C-444B-B0B5-60ED364E74FA}"
EndProject
Project("{9A19103F-16F7-4668-BE54-9A1E7A4F7556}") = "no_target_framework2", "test\fixtures\target-framework\no-target-framework2\no_target_framework2.csproj", "{2978C01E-896F-4A58-91B1-A56AEE131743}"
EndProject
Project("{9A19103F-16F7-4668-BE54-9A1E7A4F7556}") = "no_target_valid_framework", "test\fixtures\target-framework\no-target-valid-framework\no_target_valid_framework.csproj", "{F30F804A-5E16-4FE3-8F12-4426BD91D237}"
EndProject
Project("{9A19103F-16F7-4668-BE54-9A1E7A4F7556}") = "csproj_no_deps", "test\fixtures\target-framework\no-dependencies\csproj_no_deps.csproj", "{202303FA-DFCF-48F9-82C5-2BCA6C68B3E9}"
EndProject
Project("{9A19103F-16F7-4668-BE54-9A1E7A4F7556}") = "csproj_multiple", "test\fixtures\target-framework\csproj-multiple\csproj_multiple.csproj", "{C2D30EF9-E471-48C8-81BA-1F19C89054C5}"
EndProject
Project("{9A19103F-16F7-4668-BE54-9A1E7A4F7556}") = "example", "test\fixtures\target-framework\target-framework-version-in-non-first-property-group\example.csproj", "{E6211E08-BBAD-4720-B896-785CADDD2A38}"
EndProject
Project("{9A19103F-16F7-4668-BE54-9A1E7A4F7556}") = "no_target_framework", "test\fixtures\target-framework\no-target-framework\no_target_framework.csproj", "{BAF92E5F-506B-4115-8257-6723E3A632AE}"
EndProject
Project("{2150E333-8FDC-42A3-9474-1A3956D46DE8}") = "dotnetcore", "dotnetcore", "{5F90BA05-88EA-4F04-A99A-1DC7C9F1FA1C}"
EndProject
Project("{9A19103F-16F7-4668-BE54-9A1E7A4F7556}") = "dotnet_6_and_7", "test\fixtures\dotnetcore\dotnet_6_and_7\dotnet_6_and_7.csproj", "{C2CFFE7D-79C3-4220-99CE-DAF3B41DBD48}"
EndProject
Project("{9A19103F-16F7-4668-BE54-9A1E7A4F7556}") = "dotnet_6", "test\fixtures\dotnetcore\dotnet_6_no_rid\dotnet_6.csproj", "{0C52E3E3-63AE-4B9D-9DAE-D8C6B7062B22}"
EndProject
Project("{9A19103F-16F7-4668-BE54-9A1E7A4F7556}") = "SomeProjectName", "test\fixtures\dotnetcore\netcoreapp20_different_assembly_name\SomeProjectName.csproj", "{E24715C4-D600-4C8B-B82B-7B2D2BA42C29}"
EndProject
Project("{9A19103F-16F7-4668-BE54-9A1E7A4F7556}") = "dotnet_2", "test\fixtures\dotnetcore\netcoreapp31\dotnet_2.csproj", "{CF2395CF-9FC0-4FFD-9348-0EC66A6D6B3B}"
EndProject
Project("{9A19103F-16F7-4668-BE54-9A1E7A4F7556}") = "dotnet_project", "test\fixtures\dotnetcore\netcoreapp21\dotnet_project.csproj", "{290155A1-9102-428F-BDF2-6DC91369EEE9}"
EndProject
Project("{9A19103F-16F7-4668-BE54-9A1E7A4F7556}") = "dotnet_6 (1)", "test\fixtures\dotnetcore\dotnet_6\dotnet_6.csproj", "{3B633670-F539-4C37-A32B-4FE8B8BB3163}"
EndProject
Project("{9A19103F-16F7-4668-BE54-9A1E7A4F7556}") = "dotnet_8", "test\fixtures\dotnetcore\dotnet_8\dotnet_8.csproj", "{C0533014-B205-45E5-AD2E-BD9FA249EA18}"
EndProject
Project("{9A19103F-16F7-4668-BE54-9A1E7A4F7556}") = "CoreDifferentTargetMonikers", "test\fixtures\dotnetcore\netstandard21_target_monikers_differ\CoreDifferentTargetMonikers.csproj", "{ED8129DE-F4AB-4856-A0D9-78D380ADD3D1}"
EndProject
Project("{9A19103F-16F7-4668-BE54-9A1E7A4F7556}") = "netstandard21", "test\fixtures\dotnetcore\netstandard21\netstandard21.csproj", "{36A97262-46B3-46A3-BB66-1BAD16DDC8A9}"
EndProject
Project("{2150E333-8FDC-42A3-9474-1A3956D46DE8}") = "packages-config", "packages-config", "{63184621-FBC4-4A91-965C-98B4B699C67D}"
EndProject
Project("{9A19103F-16F7-4668-BE54-9A1E7A4F7556}") = "nodeps", "test\fixtures\packages-config\no-deps\nodeps.csproj", "{EC9052C6-20FB-4B22-A1F4-46DF69A54C63}"
EndProject
Project("{9A19103F-16F7-4668-BE54-9A1E7A4F7556}") = "packages", "test\fixtures\packages-config\repositories-config\packages.csproj", "{17870F40-63EF-4C67-8775-BAA359814290}"
EndProject
Project("{2150E333-8FDC-42A3-9474-1A3956D46DE8}") = "build-props", "build-props", "{0B6F7281-8B80-42F0-B1FB-935EEE3DE6BE}"
EndProject
Project("{9A19103F-16F7-4668-BE54-9A1E7A4F7556}") = "App", "test\fixtures\props\build-props\App\App.csproj", "{40FD7292-08B7-438C-992F-173F96997BCF}"
EndProject
Project("{2150E333-8FDC-42A3-9474-1A3956D46DE8}") = "dotnet_8_custom_project_and_output_path", "dotnet_8_custom_project_and_output_path", "{8E75908F-4788-4CE3-B877-4060A5898292}"
EndProject
Project("{9A19103F-16F7-4668-BE54-9A1E7A4F7556}") = "dotnet_8", "test\fixtures\dotnetcore\dotnet_8_custom_project_and_output_path\nested_csproj\dotnet_8.csproj", "{A02CC72E-5713-4FFB-B99D-44CE1D577401}"
EndProject
Project("{2150E333-8FDC-42A3-9474-1A3956D46DE8}") = "dotnet_6_local_package_reference", "dotnet_6_local_package_reference", "{E09FDB77-8128-45C2-8FC4-43BB8074975A}"
EndProject
Project("{9A19103F-16F7-4668-BE54-9A1E7A4F7556}") = "proj2", "test\fixtures\dotnetcore\dotnet_6_local_package_reference\proj2\proj2.csproj", "{BEE9DD38-20E3-4FA6-8E3C-6D1C148DD270}"
EndProject
Project("{9A19103F-16F7-4668-BE54-9A1E7A4F7556}") = "proj1", "test\fixtures\dotnetcore\dotnet_6_local_package_reference\proj1\proj1.csproj", "{C4875059-E951-45A2-B604-16061963683F}"
EndProject
Project("{2150E333-8FDC-42A3-9474-1A3956D46DE8}") = "with-packages-dir", "with-packages-dir", "{42564B31-C0DA-442C-B340-5F4367DC92F7}"
EndProject
Project("{9A19103F-16F7-4668-BE54-9A1E7A4F7556}") = "only_jquery", "test\fixtures\packages-config\with-packages-dir\only_jquery\only_jquery.csproj", "{29140464-07E3-4548-B85F-E86F40CFA2B9}"
EndProject
Project("{9A19103F-16F7-4668-BE54-9A1E7A4F7556}") = "only_moment", "test\fixtures\packages-config\with-packages-dir\only_momentjs\only_moment.csproj", "{C43E4918-5CE6-4B26-935F-9751BE774262}"
EndProject
Project("{9A19103F-16F7-4668-BE54-9A1E7A4F7556}") = "only_jquery_but_wrong_version", "test\fixtures\packages-config\with-packages-dir\only_jquery_but_wrong_version\only_jquery_but_wrong_version.csproj", "{94AA1704-56A0-4A9C-BB07-81270E240F23}"
EndProject
Global
	GlobalSection(SolutionConfigurationPlatforms) = preSolution
		Debug|Any CPU = Debug|Any CPU
		Release|Any CPU = Release|Any CPU
	EndGlobalSection
	GlobalSection(ProjectConfigurationPlatforms) = postSolution
		{559E99CE-2B30-4BE5-B940-A6DD647FAE01}.Debug|Any CPU.ActiveCfg = Debug|Any CPU
		{559E99CE-2B30-4BE5-B940-A6DD647FAE01}.Debug|Any CPU.Build.0 = Debug|Any CPU
		{559E99CE-2B30-4BE5-B940-A6DD647FAE01}.Release|Any CPU.ActiveCfg = Release|Any CPU
		{559E99CE-2B30-4BE5-B940-A6DD647FAE01}.Release|Any CPU.Build.0 = Release|Any CPU
		{79282B59-CCAC-4BFD-B091-4AECEBAFE6B9}.Debug|Any CPU.ActiveCfg = Debug|Any CPU
		{79282B59-CCAC-4BFD-B091-4AECEBAFE6B9}.Debug|Any CPU.Build.0 = Debug|Any CPU
		{79282B59-CCAC-4BFD-B091-4AECEBAFE6B9}.Release|Any CPU.ActiveCfg = Release|Any CPU
		{79282B59-CCAC-4BFD-B091-4AECEBAFE6B9}.Release|Any CPU.Build.0 = Release|Any CPU
		{2978C01E-896F-4A58-91B1-A56AEE131743}.Debug|Any CPU.ActiveCfg = Debug|Any CPU
		{2978C01E-896F-4A58-91B1-A56AEE131743}.Debug|Any CPU.Build.0 = Debug|Any CPU
		{2978C01E-896F-4A58-91B1-A56AEE131743}.Release|Any CPU.ActiveCfg = Release|Any CPU
		{2978C01E-896F-4A58-91B1-A56AEE131743}.Release|Any CPU.Build.0 = Release|Any CPU
		{F30F804A-5E16-4FE3-8F12-4426BD91D237}.Debug|Any CPU.ActiveCfg = Debug|Any CPU
		{F30F804A-5E16-4FE3-8F12-4426BD91D237}.Debug|Any CPU.Build.0 = Debug|Any CPU
		{F30F804A-5E16-4FE3-8F12-4426BD91D237}.Release|Any CPU.ActiveCfg = Release|Any CPU
		{F30F804A-5E16-4FE3-8F12-4426BD91D237}.Release|Any CPU.Build.0 = Release|Any CPU
		{202303FA-DFCF-48F9-82C5-2BCA6C68B3E9}.Debug|Any CPU.ActiveCfg = Debug|Any CPU
		{202303FA-DFCF-48F9-82C5-2BCA6C68B3E9}.Debug|Any CPU.Build.0 = Debug|Any CPU
		{202303FA-DFCF-48F9-82C5-2BCA6C68B3E9}.Release|Any CPU.ActiveCfg = Release|Any CPU
		{202303FA-DFCF-48F9-82C5-2BCA6C68B3E9}.Release|Any CPU.Build.0 = Release|Any CPU
		{C2D30EF9-E471-48C8-81BA-1F19C89054C5}.Debug|Any CPU.ActiveCfg = Debug|Any CPU
		{C2D30EF9-E471-48C8-81BA-1F19C89054C5}.Debug|Any CPU.Build.0 = Debug|Any CPU
		{C2D30EF9-E471-48C8-81BA-1F19C89054C5}.Release|Any CPU.ActiveCfg = Release|Any CPU
		{C2D30EF9-E471-48C8-81BA-1F19C89054C5}.Release|Any CPU.Build.0 = Release|Any CPU
		{E6211E08-BBAD-4720-B896-785CADDD2A38}.Debug|Any CPU.ActiveCfg = Debug|Any CPU
		{E6211E08-BBAD-4720-B896-785CADDD2A38}.Debug|Any CPU.Build.0 = Debug|Any CPU
		{E6211E08-BBAD-4720-B896-785CADDD2A38}.Release|Any CPU.ActiveCfg = Release|Any CPU
		{E6211E08-BBAD-4720-B896-785CADDD2A38}.Release|Any CPU.Build.0 = Release|Any CPU
		{BAF92E5F-506B-4115-8257-6723E3A632AE}.Debug|Any CPU.ActiveCfg = Debug|Any CPU
		{BAF92E5F-506B-4115-8257-6723E3A632AE}.Debug|Any CPU.Build.0 = Debug|Any CPU
		{BAF92E5F-506B-4115-8257-6723E3A632AE}.Release|Any CPU.ActiveCfg = Release|Any CPU
		{BAF92E5F-506B-4115-8257-6723E3A632AE}.Release|Any CPU.Build.0 = Release|Any CPU
		{C2CFFE7D-79C3-4220-99CE-DAF3B41DBD48}.Debug|Any CPU.ActiveCfg = Debug|Any CPU
		{C2CFFE7D-79C3-4220-99CE-DAF3B41DBD48}.Debug|Any CPU.Build.0 = Debug|Any CPU
		{C2CFFE7D-79C3-4220-99CE-DAF3B41DBD48}.Release|Any CPU.ActiveCfg = Release|Any CPU
		{C2CFFE7D-79C3-4220-99CE-DAF3B41DBD48}.Release|Any CPU.Build.0 = Release|Any CPU
		{0C52E3E3-63AE-4B9D-9DAE-D8C6B7062B22}.Debug|Any CPU.ActiveCfg = Debug|Any CPU
		{0C52E3E3-63AE-4B9D-9DAE-D8C6B7062B22}.Debug|Any CPU.Build.0 = Debug|Any CPU
		{0C52E3E3-63AE-4B9D-9DAE-D8C6B7062B22}.Release|Any CPU.ActiveCfg = Release|Any CPU
		{0C52E3E3-63AE-4B9D-9DAE-D8C6B7062B22}.Release|Any CPU.Build.0 = Release|Any CPU
		{E24715C4-D600-4C8B-B82B-7B2D2BA42C29}.Debug|Any CPU.ActiveCfg = Debug|Any CPU
		{E24715C4-D600-4C8B-B82B-7B2D2BA42C29}.Debug|Any CPU.Build.0 = Debug|Any CPU
		{E24715C4-D600-4C8B-B82B-7B2D2BA42C29}.Release|Any CPU.ActiveCfg = Release|Any CPU
		{E24715C4-D600-4C8B-B82B-7B2D2BA42C29}.Release|Any CPU.Build.0 = Release|Any CPU
		{CF2395CF-9FC0-4FFD-9348-0EC66A6D6B3B}.Debug|Any CPU.ActiveCfg = Debug|Any CPU
		{CF2395CF-9FC0-4FFD-9348-0EC66A6D6B3B}.Debug|Any CPU.Build.0 = Debug|Any CPU
		{CF2395CF-9FC0-4FFD-9348-0EC66A6D6B3B}.Release|Any CPU.ActiveCfg = Release|Any CPU
		{CF2395CF-9FC0-4FFD-9348-0EC66A6D6B3B}.Release|Any CPU.Build.0 = Release|Any CPU
		{290155A1-9102-428F-BDF2-6DC91369EEE9}.Debug|Any CPU.ActiveCfg = Debug|Any CPU
		{290155A1-9102-428F-BDF2-6DC91369EEE9}.Debug|Any CPU.Build.0 = Debug|Any CPU
		{290155A1-9102-428F-BDF2-6DC91369EEE9}.Release|Any CPU.ActiveCfg = Release|Any CPU
		{290155A1-9102-428F-BDF2-6DC91369EEE9}.Release|Any CPU.Build.0 = Release|Any CPU
		{3B633670-F539-4C37-A32B-4FE8B8BB3163}.Debug|Any CPU.ActiveCfg = Debug|Any CPU
		{3B633670-F539-4C37-A32B-4FE8B8BB3163}.Debug|Any CPU.Build.0 = Debug|Any CPU
		{3B633670-F539-4C37-A32B-4FE8B8BB3163}.Release|Any CPU.ActiveCfg = Release|Any CPU
		{3B633670-F539-4C37-A32B-4FE8B8BB3163}.Release|Any CPU.Build.0 = Release|Any CPU
		{C0533014-B205-45E5-AD2E-BD9FA249EA18}.Debug|Any CPU.ActiveCfg = Debug|Any CPU
		{C0533014-B205-45E5-AD2E-BD9FA249EA18}.Debug|Any CPU.Build.0 = Debug|Any CPU
		{C0533014-B205-45E5-AD2E-BD9FA249EA18}.Release|Any CPU.ActiveCfg = Release|Any CPU
		{C0533014-B205-45E5-AD2E-BD9FA249EA18}.Release|Any CPU.Build.0 = Release|Any CPU
		{ED8129DE-F4AB-4856-A0D9-78D380ADD3D1}.Debug|Any CPU.ActiveCfg = Debug|Any CPU
		{ED8129DE-F4AB-4856-A0D9-78D380ADD3D1}.Debug|Any CPU.Build.0 = Debug|Any CPU
		{ED8129DE-F4AB-4856-A0D9-78D380ADD3D1}.Release|Any CPU.ActiveCfg = Release|Any CPU
		{ED8129DE-F4AB-4856-A0D9-78D380ADD3D1}.Release|Any CPU.Build.0 = Release|Any CPU
		{36A97262-46B3-46A3-BB66-1BAD16DDC8A9}.Debug|Any CPU.ActiveCfg = Debug|Any CPU
		{36A97262-46B3-46A3-BB66-1BAD16DDC8A9}.Debug|Any CPU.Build.0 = Debug|Any CPU
		{36A97262-46B3-46A3-BB66-1BAD16DDC8A9}.Release|Any CPU.ActiveCfg = Release|Any CPU
		{36A97262-46B3-46A3-BB66-1BAD16DDC8A9}.Release|Any CPU.Build.0 = Release|Any CPU
		{EC9052C6-20FB-4B22-A1F4-46DF69A54C63}.Debug|Any CPU.ActiveCfg = Debug|Any CPU
		{EC9052C6-20FB-4B22-A1F4-46DF69A54C63}.Debug|Any CPU.Build.0 = Debug|Any CPU
		{EC9052C6-20FB-4B22-A1F4-46DF69A54C63}.Release|Any CPU.ActiveCfg = Release|Any CPU
		{EC9052C6-20FB-4B22-A1F4-46DF69A54C63}.Release|Any CPU.Build.0 = Release|Any CPU
		{17870F40-63EF-4C67-8775-BAA359814290}.Debug|Any CPU.ActiveCfg = Debug|Any CPU
		{17870F40-63EF-4C67-8775-BAA359814290}.Debug|Any CPU.Build.0 = Debug|Any CPU
		{17870F40-63EF-4C67-8775-BAA359814290}.Release|Any CPU.ActiveCfg = Release|Any CPU
		{17870F40-63EF-4C67-8775-BAA359814290}.Release|Any CPU.Build.0 = Release|Any CPU
		{40FD7292-08B7-438C-992F-173F96997BCF}.Debug|Any CPU.ActiveCfg = Debug|Any CPU
		{40FD7292-08B7-438C-992F-173F96997BCF}.Debug|Any CPU.Build.0 = Debug|Any CPU
		{40FD7292-08B7-438C-992F-173F96997BCF}.Release|Any CPU.ActiveCfg = Release|Any CPU
		{40FD7292-08B7-438C-992F-173F96997BCF}.Release|Any CPU.Build.0 = Release|Any CPU
		{A02CC72E-5713-4FFB-B99D-44CE1D577401}.Debug|Any CPU.ActiveCfg = Debug|Any CPU
		{A02CC72E-5713-4FFB-B99D-44CE1D577401}.Debug|Any CPU.Build.0 = Debug|Any CPU
		{A02CC72E-5713-4FFB-B99D-44CE1D577401}.Release|Any CPU.ActiveCfg = Release|Any CPU
		{A02CC72E-5713-4FFB-B99D-44CE1D577401}.Release|Any CPU.Build.0 = Release|Any CPU
		{BEE9DD38-20E3-4FA6-8E3C-6D1C148DD270}.Debug|Any CPU.ActiveCfg = Debug|Any CPU
		{BEE9DD38-20E3-4FA6-8E3C-6D1C148DD270}.Debug|Any CPU.Build.0 = Debug|Any CPU
		{BEE9DD38-20E3-4FA6-8E3C-6D1C148DD270}.Release|Any CPU.ActiveCfg = Release|Any CPU
		{BEE9DD38-20E3-4FA6-8E3C-6D1C148DD270}.Release|Any CPU.Build.0 = Release|Any CPU
		{C4875059-E951-45A2-B604-16061963683F}.Debug|Any CPU.ActiveCfg = Debug|Any CPU
		{C4875059-E951-45A2-B604-16061963683F}.Debug|Any CPU.Build.0 = Debug|Any CPU
		{C4875059-E951-45A2-B604-16061963683F}.Release|Any CPU.ActiveCfg = Release|Any CPU
		{C4875059-E951-45A2-B604-16061963683F}.Release|Any CPU.Build.0 = Release|Any CPU
		{29140464-07E3-4548-B85F-E86F40CFA2B9}.Debug|Any CPU.ActiveCfg = Debug|Any CPU
		{29140464-07E3-4548-B85F-E86F40CFA2B9}.Debug|Any CPU.Build.0 = Debug|Any CPU
		{29140464-07E3-4548-B85F-E86F40CFA2B9}.Release|Any CPU.ActiveCfg = Release|Any CPU
		{29140464-07E3-4548-B85F-E86F40CFA2B9}.Release|Any CPU.Build.0 = Release|Any CPU
		{C43E4918-5CE6-4B26-935F-9751BE774262}.Debug|Any CPU.ActiveCfg = Debug|Any CPU
		{C43E4918-5CE6-4B26-935F-9751BE774262}.Debug|Any CPU.Build.0 = Debug|Any CPU
		{C43E4918-5CE6-4B26-935F-9751BE774262}.Release|Any CPU.ActiveCfg = Release|Any CPU
		{C43E4918-5CE6-4B26-935F-9751BE774262}.Release|Any CPU.Build.0 = Release|Any CPU
		{94AA1704-56A0-4A9C-BB07-81270E240F23}.Debug|Any CPU.ActiveCfg = Debug|Any CPU
		{94AA1704-56A0-4A9C-BB07-81270E240F23}.Debug|Any CPU.Build.0 = Debug|Any CPU
		{94AA1704-56A0-4A9C-BB07-81270E240F23}.Release|Any CPU.ActiveCfg = Release|Any CPU
		{94AA1704-56A0-4A9C-BB07-81270E240F23}.Release|Any CPU.Build.0 = Release|Any CPU
	EndGlobalSection
	GlobalSection(SolutionProperties) = preSolution
		HideSolutionNode = FALSE
	EndGlobalSection
	GlobalSection(NestedProjects) = preSolution
		{BA569964-A703-47C6-9A92-48D6F1D9C9C0} = {FCBE59E8-D028-4011-A290-98B9DAC55991}
		{559E99CE-2B30-4BE5-B940-A6DD647FAE01} = {BA569964-A703-47C6-9A92-48D6F1D9C9C0}
		{FA6F89CA-8B39-4BCE-9C60-5F0E996CE5F6} = {BA569964-A703-47C6-9A92-48D6F1D9C9C0}
		{79282B59-CCAC-4BFD-B091-4AECEBAFE6B9} = {FA6F89CA-8B39-4BCE-9C60-5F0E996CE5F6}
		{48A6C97D-A29C-444B-B0B5-60ED364E74FA} = {BA569964-A703-47C6-9A92-48D6F1D9C9C0}
		{2978C01E-896F-4A58-91B1-A56AEE131743} = {48A6C97D-A29C-444B-B0B5-60ED364E74FA}
		{F30F804A-5E16-4FE3-8F12-4426BD91D237} = {48A6C97D-A29C-444B-B0B5-60ED364E74FA}
		{202303FA-DFCF-48F9-82C5-2BCA6C68B3E9} = {48A6C97D-A29C-444B-B0B5-60ED364E74FA}
		{C2D30EF9-E471-48C8-81BA-1F19C89054C5} = {48A6C97D-A29C-444B-B0B5-60ED364E74FA}
		{E6211E08-BBAD-4720-B896-785CADDD2A38} = {48A6C97D-A29C-444B-B0B5-60ED364E74FA}
		{BAF92E5F-506B-4115-8257-6723E3A632AE} = {48A6C97D-A29C-444B-B0B5-60ED364E74FA}
		{5F90BA05-88EA-4F04-A99A-1DC7C9F1FA1C} = {BA569964-A703-47C6-9A92-48D6F1D9C9C0}
		{C2CFFE7D-79C3-4220-99CE-DAF3B41DBD48} = {5F90BA05-88EA-4F04-A99A-1DC7C9F1FA1C}
		{0C52E3E3-63AE-4B9D-9DAE-D8C6B7062B22} = {5F90BA05-88EA-4F04-A99A-1DC7C9F1FA1C}
		{E24715C4-D600-4C8B-B82B-7B2D2BA42C29} = {5F90BA05-88EA-4F04-A99A-1DC7C9F1FA1C}
		{CF2395CF-9FC0-4FFD-9348-0EC66A6D6B3B} = {5F90BA05-88EA-4F04-A99A-1DC7C9F1FA1C}
		{290155A1-9102-428F-BDF2-6DC91369EEE9} = {5F90BA05-88EA-4F04-A99A-1DC7C9F1FA1C}
		{3B633670-F539-4C37-A32B-4FE8B8BB3163} = {5F90BA05-88EA-4F04-A99A-1DC7C9F1FA1C}
		{C0533014-B205-45E5-AD2E-BD9FA249EA18} = {5F90BA05-88EA-4F04-A99A-1DC7C9F1FA1C}
		{ED8129DE-F4AB-4856-A0D9-78D380ADD3D1} = {5F90BA05-88EA-4F04-A99A-1DC7C9F1FA1C}
		{36A97262-46B3-46A3-BB66-1BAD16DDC8A9} = {5F90BA05-88EA-4F04-A99A-1DC7C9F1FA1C}
		{63184621-FBC4-4A91-965C-98B4B699C67D} = {BA569964-A703-47C6-9A92-48D6F1D9C9C0}
		{EC9052C6-20FB-4B22-A1F4-46DF69A54C63} = {63184621-FBC4-4A91-965C-98B4B699C67D}
		{17870F40-63EF-4C67-8775-BAA359814290} = {63184621-FBC4-4A91-965C-98B4B699C67D}
		{0B6F7281-8B80-42F0-B1FB-935EEE3DE6BE} = {FA6F89CA-8B39-4BCE-9C60-5F0E996CE5F6}
		{40FD7292-08B7-438C-992F-173F96997BCF} = {0B6F7281-8B80-42F0-B1FB-935EEE3DE6BE}
		{8E75908F-4788-4CE3-B877-4060A5898292} = {5F90BA05-88EA-4F04-A99A-1DC7C9F1FA1C}
		{A02CC72E-5713-4FFB-B99D-44CE1D577401} = {8E75908F-4788-4CE3-B877-4060A5898292}
		{E09FDB77-8128-45C2-8FC4-43BB8074975A} = {5F90BA05-88EA-4F04-A99A-1DC7C9F1FA1C}
		{BEE9DD38-20E3-4FA6-8E3C-6D1C148DD270} = {E09FDB77-8128-45C2-8FC4-43BB8074975A}
		{C4875059-E951-45A2-B604-16061963683F} = {E09FDB77-8128-45C2-8FC4-43BB8074975A}
		{42564B31-C0DA-442C-B340-5F4367DC92F7} = {63184621-FBC4-4A91-965C-98B4B699C67D}
		{29140464-07E3-4548-B85F-E86F40CFA2B9} = {42564B31-C0DA-442C-B340-5F4367DC92F7}
		{C43E4918-5CE6-4B26-935F-9751BE774262} = {42564B31-C0DA-442C-B340-5F4367DC92F7}
		{94AA1704-56A0-4A9C-BB07-81270E240F23} = {42564B31-C0DA-442C-B340-5F4367DC92F7}
	EndGlobalSection
	GlobalSection(ExtensibilityGlobals) = postSolution
		SolutionGuid = {542A6986-3837-4EC1-A174-918EDD73E9DF}
	EndGlobalSection
EndGlobal
